{
  "name": "sakin",
  "lockfileVersion": 3,
  "requires": true,
  "packages": {
    "": {
      "name": "sakin",
      "devDependencies": {
        "prettier": "^3.4.2",
        "prettier-plugin-tailwindcss": "^0.6.11",
        "turbo": "^2.3.3",
        "typescript": "^5.7.3"
      },
      "engines": {
        "node": ">=20.0.0",
        "pnpm": ">=9.0.0"
      }
    },
    "node_modules/@turbo/darwin-64": {
      "version": "2.9.4",
      "resolved": "https://registry.npmjs.org/@turbo/darwin-64/-/darwin-64-2.9.4.tgz",
      "integrity": "sha512-ZSlPqJ5Vqg/wgVw8P3AOVCIosnbBilOxLq7TMz3MN/9U46DUYfdG2jtfevNDufyxyrg98pcPs/GBgDRaaids6g==",
      "cpu": [
        "x64"
      ],
      "dev": true,
      "license": "MIT",
      "optional": true,
      "os": [
        "darwin"
      ]
    },
    "node_modules/@turbo/darwin-arm64": {
      "version": "2.9.4",
      "resolved": "https://registry.npmjs.org/@turbo/darwin-arm64/-/darwin-arm64-2.9.4.tgz",
      "integrity": "sha512-9cjTWe4OiNlFMSRggPNh+TJlRs7MS5FWrHc96MOzft5vESWjjpvaadYPv5ykDW7b45mVHOF2U/W+48LoX9USWw==",
      "cpu": [
        "arm64"
      ],
      "dev": true,
      "license": "MIT",
      "optional": true,
      "os": [
        "darwin"
      ]
    },
    "node_modules/@turbo/linux-64": {
      "version": "2.9.4",
      "resolved": "https://registry.npmjs.org/@turbo/linux-64/-/linux-64-2.9.4.tgz",
      "integrity": "sha512-Cl1GjxqBXQ+r9KKowmXG+lhD1gclLp48/SE7NxL//66iaMytRw0uiphWGOkccD92iPiRjHLRUaA9lOTtgr5OCA==",
      "cpu": [
        "x64"
      ],
      "dev": true,
      "license": "MIT",
      "optional": true,
      "os": [
        "linux"
      ]
    },
    "node_modules/@turbo/linux-arm64": {
      "version": "2.9.4",
      "resolved": "https://registry.npmjs.org/@turbo/linux-arm64/-/linux-arm64-2.9.4.tgz",
      "integrity": "sha512-j2hPAKVmGNN2EsKigEWD+43y9m7zaPhNAs6ptsyfq0u7evHHBAXAwOfv86OEMg/gvC+pwGip0i1CIm1bR1vYug==",
      "cpu": [
        "arm64"
      ],
      "dev": true,
      "license": "MIT",
      "optional": true,
      "os": [
        "linux"
      ]
    },
    "node_modules/@turbo/windows-64": {
      "version": "2.9.4",
      "resolved": "https://registry.npmjs.org/@turbo/windows-64/-/windows-64-2.9.4.tgz",
      "integrity": "sha512-1jWPjCe9ZRmsDTXE7uzqfySNQspnUx0g6caqvwps+k/sc+fm9hC/4zRQKlXZLbVmP3Xxp601Ju71boegHdnYGw==",
      "cpu": [
        "x64"
      ],
      "dev": true,
      "license": "MIT",
      "optional": true,
      "os": [
        "win32"
      ]
    },
    "node_modules/@turbo/windows-arm64": {
      "version": "2.9.4",
      "resolved": "https://registry.npmjs.org/@turbo/windows-arm64/-/windows-arm64-2.9.4.tgz",
      "integrity": "sha512-dlko15TQVu/BFYmIY018Y3covWMRQlUgAkD+OOk+Rokcfj6VY02Vv4mCfT/Zns6B4q8jGbOd6IZhnCFYsE8Viw==",
      "cpu": [
        "arm64"
      ],
      "dev": true,
      "license": "MIT",
      "optional": true,
      "os": [
        "win32"
      ]
    },
    "node_modules/prettier": {
      "version": "3.8.1",
      "resolved": "https://registry.npmjs.org/prettier/-/prettier-3.8.1.tgz",
      "integrity": "sha512-UOnG6LftzbdaHZcKoPFtOcCKztrQ57WkHDeRD9t/PTQtmT0NHSeWWepj6pS0z/N7+08BHFDQVUrfmfMRcZwbMg==",
      "dev": true,
      "license": "MIT",
      "bin": {
        "prettier": "bin/prettier.cjs"
      },
      "engines": {
        "node": ">=14"
      },
      "funding": {
        "url": "https://github.com/prettier/prettier?sponsor=1"
      }
    },
    "node_modules/prettier-plugin-tailwindcss": {
      "version": "0.6.14",
      "resolved": "https://registry.npmjs.org/prettier-plugin-tailwindcss/-/prettier-plugin-tailwindcss-0.6.14.tgz",
      "integrity": "sha512-pi2e/+ZygeIqntN+vC573BcW5Cve8zUB0SSAGxqpB4f96boZF4M3phPVoOFCeypwkpRYdi7+jQ5YJJUwrkGUAg==",
      "dev": true,
      "license": "MIT",
      "engines": {
        "node": ">=14.21.3"
      },
      "peerDependencies": {
        "@ianvs/prettier-plugin-sort-imports": "*",
        "@prettier/plugin-hermes": "*",
        "@prettier/plugin-oxc": "*",
        "@prettier/plugin-pug": "*",
        "@shopify/prettier-plugin-liquid": "*",
        "@trivago/prettier-plugin-sort-imports": "*",
        "@zackad/prettier-plugin-twig": "*",
        "prettier": "^3.0",
        "prettier-plugin-astro": "*",
        "prettier-plugin-css-order": "*",
        "prettier-plugin-import-sort": "*",
        "prettier-plugin-jsdoc": "*",
        "prettier-plugin-marko": "*",
        "prettier-plugin-multiline-arrays": "*",
        "prettier-plugin-organize-attributes": "*",
        "prettier-plugin-organize-imports": "*",
        "prettier-plugin-sort-imports": "*",
        "prettier-plugin-style-order": "*",
        "prettier-plugin-svelte": "*"
      },
      "peerDependenciesMeta": {
        "@ianvs/prettier-plugin-sort-imports": {
          "optional": true
        },
        "@prettier/plugin-hermes": {
          "optional": true
        },
        "@prettier/plugin-oxc": {
          "optional": true
        },
        "@prettier/plugin-pug": {
          "optional": true
        },
        "@shopify/prettier-plugin-liquid": {
          "optional": true
        },
        "@trivago/prettier-plugin-sort-imports": {
          "optional": true
        },
        "@zackad/prettier-plugin-twig": {
          "optional": true
        },
        "prettier-plugin-astro": {
          "optional": true
        },
        "prettier-plugin-css-order": {
          "optional": true
        },
        "prettier-plugin-import-sort": {
          "optional": true
        },
        "prettier-plugin-jsdoc": {
          "optional": true
        },
        "prettier-plugin-marko": {
          "optional": true
        },
        "prettier-plugin-multiline-arrays": {
          "optional": true
        },
        "prettier-plugin-organize-attributes": {
          "optional": true
        },
        "prettier-plugin-organize-imports": {
          "optional": true
        },
        "prettier-plugin-sort-imports": {
          "optional": true
        },
        "prettier-plugin-style-order": {
          "optional": true
        },
        "prettier-plugin-svelte": {
          "optional": true
        }
      }
    },
    "node_modules/turbo": {
      "version": "2.9.4",
      "resolved": "https://registry.npmjs.org/turbo/-/turbo-2.9.4.tgz",
      "integrity": "sha512-wZ/kMcZCuK5oEp7sXSSo/5fzKjP9I2EhoiarZjyCm2Ixk0WxFrC/h0gF3686eHHINoFQOOSWgB/pGfvkR8rkgQ==",
      "dev": true,
      "license": "MIT",
      "bin": {
        "turbo": "bin/turbo"
      },
      "optionalDependencies": {
        "@turbo/darwin-64": "2.9.4",
        "@turbo/darwin-arm64": "2.9.4",
        "@turbo/linux-64": "2.9.4",
        "@turbo/linux-arm64": "2.9.4",
        "@turbo/windows-64": "2.9.4",
        "@turbo/windows-arm64": "2.9.4"
      }
    },
    "node_modules/typescript": {
      "version": "5.9.3",
      "resolved": "https://registry.npmjs.org/typescript/-/typescript-5.9.3.tgz",
      "integrity": "sha512-jl1vZzPDinLr9eUt3J/t7V6FgNEw9QjvBPdysz9KfQDD41fQrC2Y4vKQdiaUpFT4bXlb1RHhLpp8wtm6M5TgSw==",
      "dev": true,
      "license": "Apache-2.0",
      "bin": {
        "tsc": "bin/tsc",
        "tsserver": "bin/tsserver"
      },
      "engines": {
        "node": ">=14.17"
      }
    }
  }
}
